// !$*UTF8*$!
{
	archiveVersion = 1;
	classes = {
	};
	objectVersion = 55;
	objects = {

/* Begin PBXBuildFile section */
		D40B98FB287330D10027956D /* RVS_UIKit_Toolbox_TestHarness_Tab4_ViewController.swift in Sources */ = {isa = PBXBuildFile; fileRef = D40B98FA287330D10027956D /* RVS_UIKit_Toolbox_TestHarness_Tab4_ViewController.swift */; };
		D4353A0128707D680098949F /* RVS_Generic_Swift_Toolbox in Frameworks */ = {isa = PBXBuildFile; productRef = D4353A0028707D680098949F /* RVS_Generic_Swift_Toolbox */; };
		D4353A0328707DD00098949F /* RVS_UIKit_Toolbox_TestHarness_Base_Tabs_ViewController.swift in Sources */ = {isa = PBXBuildFile; fileRef = D4353A0228707DD00098949F /* RVS_UIKit_Toolbox_TestHarness_Base_Tabs_ViewController.swift */; };
		D4353A0528707E150098949F /* RVS_UIKit_Toolbox_TestHarness_Tab1_ViewController.swift in Sources */ = {isa = PBXBuildFile; fileRef = D4353A0428707E150098949F /* RVS_UIKit_Toolbox_TestHarness_Tab1_ViewController.swift */; };
		D43965C0286C992100727E6A /* RVS_UIKit_Toolbox.swift in Sources */ = {isa = PBXBuildFile; fileRef = D43965BF286C992100727E6A /* RVS_UIKit_Toolbox.swift */; };
		D43965D0286C999A00727E6A /* RVS_UIKit_Toolbox_TestHarness_AppSceneDelegate.swift in Sources */ = {isa = PBXBuildFile; fileRef = D43965CF286C999A00727E6A /* RVS_UIKit_Toolbox_TestHarness_AppSceneDelegate.swift */; };
		D43965D4286C999A00727E6A /* RVS_UIKit_Toolbox_TestHarness_Tab0_ViewController.swift in Sources */ = {isa = PBXBuildFile; fileRef = D43965D3286C999A00727E6A /* RVS_UIKit_Toolbox_TestHarness_Tab0_ViewController.swift */; };
		D43965D7286C999A00727E6A /* RVS_UIKit_Toolbox_TestHarness_Main.storyboard in Resources */ = {isa = PBXBuildFile; fileRef = D43965D5286C999A00727E6A /* RVS_UIKit_Toolbox_TestHarness_Main.storyboard */; };
		D43965D9286C999B00727E6A /* Assets.xcassets in Resources */ = {isa = PBXBuildFile; fileRef = D43965D8286C999B00727E6A /* Assets.xcassets */; };
		D43965DC286C999B00727E6A /* LaunchScreen.storyboard in Resources */ = {isa = PBXBuildFile; fileRef = D43965DA286C999B00727E6A /* LaunchScreen.storyboard */; };
		D43965F0286CA15100727E6A /* Localizable.strings in Resources */ = {isa = PBXBuildFile; fileRef = D43965EE286CA15100727E6A /* Localizable.strings */; };
		D4499DCA2870881A00D53B7A /* RVS_UIKit_Toolbox_TestHarness_Tab2_ViewController.swift in Sources */ = {isa = PBXBuildFile; fileRef = D4499DC92870881A00D53B7A /* RVS_UIKit_Toolbox_TestHarness_Tab2_ViewController.swift */; };
		D4CD86AA2870CF2300AFD67E /* RVS_UIKit_Toolbox_TestHarness_TabBarController.swift in Sources */ = {isa = PBXBuildFile; fileRef = D4CD86A92870CF2300AFD67E /* RVS_UIKit_Toolbox_TestHarness_TabBarController.swift */; };
		D4F653122870F4D5001AF462 /* RVS_UIKit_Toolbox_TestHarness_Tab3_ViewController.swift in Sources */ = {isa = PBXBuildFile; fileRef = D4F653112870F4D5001AF462 /* RVS_UIKit_Toolbox_TestHarness_Tab3_ViewController.swift */; };
		D4F65315287103A4001AF462 /* libRVS_UIKit_Toolbox.a in Frameworks */ = {isa = PBXBuildFile; fileRef = D43965BC286C992100727E6A /* libRVS_UIKit_Toolbox.a */; };
		D4F8DD7C2872315A00081E59 /* RVS_UIKit_Toolbox_TestHarness_Tab1_Nav0_ViewController.swift in Sources */ = {isa = PBXBuildFile; fileRef = D4F8DD7B2872315A00081E59 /* RVS_UIKit_Toolbox_TestHarness_Tab1_Nav0_ViewController.swift */; };
/* End PBXBuildFile section */

/* Begin PBXContainerItemProxy section */
		D4F653132871037E001AF462 /* PBXContainerItemProxy */ = {
			isa = PBXContainerItemProxy;
			containerPortal = D43965B4286C992100727E6A /* Project object */;
			proxyType = 1;
			remoteGlobalIDString = D43965BB286C992100727E6A;
			remoteInfo = RVS_UIKit_Toolbox;
		};
		D4F65316287103A4001AF462 /* PBXContainerItemProxy */ = {
			isa = PBXContainerItemProxy;
			containerPortal = D43965B4286C992100727E6A /* Project object */;
			proxyType = 1;
			remoteGlobalIDString = D43965BB286C992100727E6A;
			remoteInfo = RVS_UIKit_Toolbox;
		};
/* End PBXContainerItemProxy section */

/* Begin PBXFileReference section */
		D40B98FA287330D10027956D /* RVS_UIKit_Toolbox_TestHarness_Tab4_ViewController.swift */ = {isa = PBXFileReference; fileEncoding = 4; lastKnownFileType = sourcecode.swift; path = RVS_UIKit_Toolbox_TestHarness_Tab4_ViewController.swift; sourceTree = "<group>"; };
		D4353A0228707DD00098949F /* RVS_UIKit_Toolbox_TestHarness_Base_Tabs_ViewController.swift */ = {isa = PBXFileReference; fileEncoding = 4; lastKnownFileType = sourcecode.swift; path = RVS_UIKit_Toolbox_TestHarness_Base_Tabs_ViewController.swift; sourceTree = "<group>"; };
		D4353A0428707E150098949F /* RVS_UIKit_Toolbox_TestHarness_Tab1_ViewController.swift */ = {isa = PBXFileReference; fileEncoding = 4; lastKnownFileType = sourcecode.swift; path = RVS_UIKit_Toolbox_TestHarness_Tab1_ViewController.swift; sourceTree = "<group>"; };
		D43965BC286C992100727E6A /* libRVS_UIKit_Toolbox.a */ = {isa = PBXFileReference; explicitFileType = archive.ar; includeInIndex = 0; path = libRVS_UIKit_Toolbox.a; sourceTree = BUILT_PRODUCTS_DIR; };
		D43965BF286C992100727E6A /* RVS_UIKit_Toolbox.swift */ = {isa = PBXFileReference; lastKnownFileType = sourcecode.swift; path = RVS_UIKit_Toolbox.swift; sourceTree = "<group>"; };
		D43965CD286C999A00727E6A /* RVS_UIKit_Toolbox_TestHarness.app */ = {isa = PBXFileReference; explicitFileType = wrapper.application; includeInIndex = 0; path = RVS_UIKit_Toolbox_TestHarness.app; sourceTree = BUILT_PRODUCTS_DIR; };
		D43965CF286C999A00727E6A /* RVS_UIKit_Toolbox_TestHarness_AppSceneDelegate.swift */ = {isa = PBXFileReference; lastKnownFileType = sourcecode.swift; path = RVS_UIKit_Toolbox_TestHarness_AppSceneDelegate.swift; sourceTree = "<group>"; };
		D43965D3286C999A00727E6A /* RVS_UIKit_Toolbox_TestHarness_Tab0_ViewController.swift */ = {isa = PBXFileReference; lastKnownFileType = sourcecode.swift; path = RVS_UIKit_Toolbox_TestHarness_Tab0_ViewController.swift; sourceTree = "<group>"; };
		D43965D6286C999A00727E6A /* Base */ = {isa = PBXFileReference; lastKnownFileType = file.storyboard; name = Base; path = Base.lproj/RVS_UIKit_Toolbox_TestHarness_Main.storyboard; sourceTree = "<group>"; };
		D43965D8286C999B00727E6A /* Assets.xcassets */ = {isa = PBXFileReference; lastKnownFileType = folder.assetcatalog; path = Assets.xcassets; sourceTree = "<group>"; };
		D43965DB286C999B00727E6A /* Base */ = {isa = PBXFileReference; lastKnownFileType = file.storyboard; name = Base; path = Base.lproj/LaunchScreen.storyboard; sourceTree = "<group>"; };
		D43965DD286C999B00727E6A /* Info.plist */ = {isa = PBXFileReference; lastKnownFileType = text.plist.xml; path = Info.plist; sourceTree = "<group>"; };
		D43965EA286C9C6300727E6A /* Warnings.xcconfig */ = {isa = PBXFileReference; lastKnownFileType = text.xcconfig; path = Warnings.xcconfig; sourceTree = "<group>"; };
		D43965ED286CA0D600727E6A /* RVS_UIKit_Toolbox_TestHarness.entitlements */ = {isa = PBXFileReference; lastKnownFileType = text.plist.entitlements; path = RVS_UIKit_Toolbox_TestHarness.entitlements; sourceTree = "<group>"; };
		D43965EF286CA15100727E6A /* Base */ = {isa = PBXFileReference; lastKnownFileType = text.plist.strings; name = Base; path = Base.lproj/Localizable.strings; sourceTree = "<group>"; };
		D4499DC92870881A00D53B7A /* RVS_UIKit_Toolbox_TestHarness_Tab2_ViewController.swift */ = {isa = PBXFileReference; fileEncoding = 4; lastKnownFileType = sourcecode.swift; path = RVS_UIKit_Toolbox_TestHarness_Tab2_ViewController.swift; sourceTree = "<group>"; };
		D4CD86A92870CF2300AFD67E /* RVS_UIKit_Toolbox_TestHarness_TabBarController.swift */ = {isa = PBXFileReference; fileEncoding = 4; lastKnownFileType = sourcecode.swift; path = RVS_UIKit_Toolbox_TestHarness_TabBarController.swift; sourceTree = "<group>"; };
		D4F653112870F4D5001AF462 /* RVS_UIKit_Toolbox_TestHarness_Tab3_ViewController.swift */ = {isa = PBXFileReference; fileEncoding = 4; lastKnownFileType = sourcecode.swift; path = RVS_UIKit_Toolbox_TestHarness_Tab3_ViewController.swift; sourceTree = "<group>"; };
		D4F8DD7B2872315A00081E59 /* RVS_UIKit_Toolbox_TestHarness_Tab1_Nav0_ViewController.swift */ = {isa = PBXFileReference; fileEncoding = 4; lastKnownFileType = sourcecode.swift; path = RVS_UIKit_Toolbox_TestHarness_Tab1_Nav0_ViewController.swift; sourceTree = "<group>"; };
/* End PBXFileReference section */

/* Begin PBXFrameworksBuildPhase section */
		D43965CA286C999A00727E6A /* Frameworks */ = {
			isa = PBXFrameworksBuildPhase;
			buildActionMask = 2147483647;
			files = (
				D4F65315287103A4001AF462 /* libRVS_UIKit_Toolbox.a in Frameworks */,
				D4353A0128707D680098949F /* RVS_Generic_Swift_Toolbox in Frameworks */,
			);
			runOnlyForDeploymentPostprocessing = 0;
		};
/* End PBXFrameworksBuildPhase section */

/* Begin PBXGroup section */
		D43965B3286C992100727E6A = {
			isa = PBXGroup;
			children = (
				D43965C6286C993D00727E6A /* Sources */,
				D43965C7286C995700727E6A /* Tests */,
				D43965E9286C9C6300727E6A /* Meta */,
				D43965BD286C992100727E6A /* Products */,
			);
			sourceTree = "<group>";
		};
		D43965BD286C992100727E6A /* Products */ = {
			isa = PBXGroup;
			children = (
				D43965BC286C992100727E6A /* libRVS_UIKit_Toolbox.a */,
				D43965CD286C999A00727E6A /* RVS_UIKit_Toolbox_TestHarness.app */,
			);
			name = Products;
			sourceTree = "<group>";
		};
		D43965BE286C992100727E6A /* RVS_UIKit_Toolbox */ = {
			isa = PBXGroup;
			children = (
				D43965BF286C992100727E6A /* RVS_UIKit_Toolbox.swift */,
			);
			path = RVS_UIKit_Toolbox;
			sourceTree = "<group>";
		};
		D43965C6286C993D00727E6A /* Sources */ = {
			isa = PBXGroup;
			children = (
				D43965BE286C992100727E6A /* RVS_UIKit_Toolbox */,
			);
			path = Sources;
			sourceTree = "<group>";
		};
		D43965C7286C995700727E6A /* Tests */ = {
			isa = PBXGroup;
			children = (
				D43965CE286C999A00727E6A /* RVS_UIKit_Toolbox_TestHarness */,
			);
			path = Tests;
			sourceTree = "<group>";
		};
		D43965CE286C999A00727E6A /* RVS_UIKit_Toolbox_TestHarness */ = {
			isa = PBXGroup;
			children = (
				D43965CF286C999A00727E6A /* RVS_UIKit_Toolbox_TestHarness_AppSceneDelegate.swift */,
				D4CD86A92870CF2300AFD67E /* RVS_UIKit_Toolbox_TestHarness_TabBarController.swift */,
				D4353A0228707DD00098949F /* RVS_UIKit_Toolbox_TestHarness_Base_Tabs_ViewController.swift */,
				D43965D3286C999A00727E6A /* RVS_UIKit_Toolbox_TestHarness_Tab0_ViewController.swift */,
				D4353A0428707E150098949F /* RVS_UIKit_Toolbox_TestHarness_Tab1_ViewController.swift */,
				D4F8DD7B2872315A00081E59 /* RVS_UIKit_Toolbox_TestHarness_Tab1_Nav0_ViewController.swift */,
				D4499DC92870881A00D53B7A /* RVS_UIKit_Toolbox_TestHarness_Tab2_ViewController.swift */,
				D4F653112870F4D5001AF462 /* RVS_UIKit_Toolbox_TestHarness_Tab3_ViewController.swift */,
				D40B98FA287330D10027956D /* RVS_UIKit_Toolbox_TestHarness_Tab4_ViewController.swift */,
				D43965E2286C99E200727E6A /* Resources */,
				D43965E1286C99D700727E6A /* Meta */,
			);
			path = RVS_UIKit_Toolbox_TestHarness;
			sourceTree = "<group>";
		};
		D43965E1286C99D700727E6A /* Meta */ = {
			isa = PBXGroup;
			children = (
				D43965ED286CA0D600727E6A /* RVS_UIKit_Toolbox_TestHarness.entitlements */,
				D43965DD286C999B00727E6A /* Info.plist */,
			);
			path = Meta;
			sourceTree = "<group>";
		};
		D43965E2286C99E200727E6A /* Resources */ = {
			isa = PBXGroup;
			children = (
				D43965D5286C999A00727E6A /* RVS_UIKit_Toolbox_TestHarness_Main.storyboard */,
				D43965D8286C999B00727E6A /* Assets.xcassets */,
				D43965DA286C999B00727E6A /* LaunchScreen.storyboard */,
				D43965EE286CA15100727E6A /* Localizable.strings */,
			);
			path = Resources;
			sourceTree = "<group>";
		};
		D43965E9286C9C6300727E6A /* Meta */ = {
			isa = PBXGroup;
			children = (
				D43965EA286C9C6300727E6A /* Warnings.xcconfig */,
			);
			path = Meta;
			sourceTree = "<group>";
		};
/* End PBXGroup section */

/* Begin PBXNativeTarget section */
		D43965BB286C992100727E6A /* RVS_UIKit_Toolbox */ = {
			isa = PBXNativeTarget;
			buildConfigurationList = D43965C3286C992100727E6A /* Build configuration list for PBXNativeTarget "RVS_UIKit_Toolbox" */;
			buildPhases = (
				D43965EB286C9CD400727E6A /* SwiftLint */,
				D43965B8286C992100727E6A /* Sources */,
			);
			buildRules = (
			);
			dependencies = (
			);
			name = RVS_UIKit_Toolbox;
			productName = RVS_UIKit_Toolbox;
			productReference = D43965BC286C992100727E6A /* libRVS_UIKit_Toolbox.a */;
			productType = "com.apple.product-type.library.static";
		};
		D43965CC286C999A00727E6A /* RVS_UIKit_Toolbox_TestHarness */ = {
			isa = PBXNativeTarget;
			buildConfigurationList = D43965DE286C999B00727E6A /* Build configuration list for PBXNativeTarget "RVS_UIKit_Toolbox_TestHarness" */;
			buildPhases = (
				D43965EC286C9CF300727E6A /* SwiftLint */,
				D43965C9286C999A00727E6A /* Sources */,
				D43965CA286C999A00727E6A /* Frameworks */,
				D43965CB286C999A00727E6A /* Resources */,
			);
			buildRules = (
			);
			dependencies = (
				D4F653142871037E001AF462 /* PBXTargetDependency */,
				D4F65317287103A4001AF462 /* PBXTargetDependency */,
			);
			name = RVS_UIKit_Toolbox_TestHarness;
			packageProductDependencies = (
				D4353A0028707D680098949F /* RVS_Generic_Swift_Toolbox */,
			);
			productName = RVS_UIKit_Toolbox_TestHarness;
			productReference = D43965CD286C999A00727E6A /* RVS_UIKit_Toolbox_TestHarness.app */;
			productType = "com.apple.product-type.application";
		};
/* End PBXNativeTarget section */

/* Begin PBXProject section */
		D43965B4286C992100727E6A /* Project object */ = {
			isa = PBXProject;
			attributes = {
				BuildIndependentTargetsInParallel = 1;
				LastSwiftUpdateCheck = 1340;
				LastUpgradeCheck = 1340;
				TargetAttributes = {
					D43965BB286C992100727E6A = {
						CreatedOnToolsVersion = 13.4.1;
					};
					D43965CC286C999A00727E6A = {
						CreatedOnToolsVersion = 13.4.1;
					};
				};
			};
			buildConfigurationList = D43965B7286C992100727E6A /* Build configuration list for PBXProject "RVS_UIKit_Toolbox" */;
			compatibilityVersion = "Xcode 13.0";
			developmentRegion = en;
			hasScannedForEncodings = 0;
			knownRegions = (
				en,
				Base,
			);
			mainGroup = D43965B3286C992100727E6A;
			packageReferences = (
				D43539FF28707D680098949F /* XCRemoteSwiftPackageReference "RVS_Generic_Swift_Toolbox" */,
			);
			productRefGroup = D43965BD286C992100727E6A /* Products */;
			projectDirPath = "";
			projectRoot = "";
			targets = (
				D43965BB286C992100727E6A /* RVS_UIKit_Toolbox */,
				D43965CC286C999A00727E6A /* RVS_UIKit_Toolbox_TestHarness */,
			);
		};
/* End PBXProject section */

/* Begin PBXResourcesBuildPhase section */
		D43965CB286C999A00727E6A /* Resources */ = {
			isa = PBXResourcesBuildPhase;
			buildActionMask = 2147483647;
			files = (
				D43965DC286C999B00727E6A /* LaunchScreen.storyboard in Resources */,
				D43965F0286CA15100727E6A /* Localizable.strings in Resources */,
				D43965D9286C999B00727E6A /* Assets.xcassets in Resources */,
				D43965D7286C999A00727E6A /* RVS_UIKit_Toolbox_TestHarness_Main.storyboard in Resources */,
			);
			runOnlyForDeploymentPostprocessing = 0;
		};
/* End PBXResourcesBuildPhase section */

/* Begin PBXShellScriptBuildPhase section */
		D43965EB286C9CD400727E6A /* SwiftLint */ = {
			isa = PBXShellScriptBuildPhase;
			buildActionMask = 2147483647;
			files = (
			);
			inputFileListPaths = (
			);
			inputPaths = (
			);
			name = SwiftLint;
			outputFileListPaths = (
			);
			outputPaths = (
			);
			runOnlyForDeploymentPostprocessing = 0;
			shellPath = /bin/sh;
			shellScript = "if command -v swiftlint\nthen\n    swiftlint\nfi\n";
		};
		D43965EC286C9CF300727E6A /* SwiftLint */ = {
			isa = PBXShellScriptBuildPhase;
			buildActionMask = 2147483647;
			files = (
			);
			inputFileListPaths = (
			);
			inputPaths = (
			);
			name = SwiftLint;
			outputFileListPaths = (
			);
			outputPaths = (
			);
			runOnlyForDeploymentPostprocessing = 0;
			shellPath = /bin/sh;
			shellScript = "if command -v swiftlint\nthen\n    swiftlint\nfi\n";
		};
/* End PBXShellScriptBuildPhase section */

/* Begin PBXSourcesBuildPhase section */
		D43965B8286C992100727E6A /* Sources */ = {
			isa = PBXSourcesBuildPhase;
			buildActionMask = 2147483647;
			files = (
				D43965C0286C992100727E6A /* RVS_UIKit_Toolbox.swift in Sources */,
			);
			runOnlyForDeploymentPostprocessing = 0;
		};
		D43965C9286C999A00727E6A /* Sources */ = {
			isa = PBXSourcesBuildPhase;
			buildActionMask = 2147483647;
			files = (
				D4353A0528707E150098949F /* RVS_UIKit_Toolbox_TestHarness_Tab1_ViewController.swift in Sources */,
				D4F8DD7C2872315A00081E59 /* RVS_UIKit_Toolbox_TestHarness_Tab1_Nav0_ViewController.swift in Sources */,
				D43965D4286C999A00727E6A /* RVS_UIKit_Toolbox_TestHarness_Tab0_ViewController.swift in Sources */,
				D4CD86AA2870CF2300AFD67E /* RVS_UIKit_Toolbox_TestHarness_TabBarController.swift in Sources */,
				D43965D0286C999A00727E6A /* RVS_UIKit_Toolbox_TestHarness_AppSceneDelegate.swift in Sources */,
				D4499DCA2870881A00D53B7A /* RVS_UIKit_Toolbox_TestHarness_Tab2_ViewController.swift in Sources */,
				D4F653122870F4D5001AF462 /* RVS_UIKit_Toolbox_TestHarness_Tab3_ViewController.swift in Sources */,
				D4353A0328707DD00098949F /* RVS_UIKit_Toolbox_TestHarness_Base_Tabs_ViewController.swift in Sources */,
				D40B98FB287330D10027956D /* RVS_UIKit_Toolbox_TestHarness_Tab4_ViewController.swift in Sources */,
			);
			runOnlyForDeploymentPostprocessing = 0;
		};
/* End PBXSourcesBuildPhase section */

/* Begin PBXTargetDependency section */
		D4F653142871037E001AF462 /* PBXTargetDependency */ = {
			isa = PBXTargetDependency;
			target = D43965BB286C992100727E6A /* RVS_UIKit_Toolbox */;
			targetProxy = D4F653132871037E001AF462 /* PBXContainerItemProxy */;
		};
		D4F65317287103A4001AF462 /* PBXTargetDependency */ = {
			isa = PBXTargetDependency;
			target = D43965BB286C992100727E6A /* RVS_UIKit_Toolbox */;
			targetProxy = D4F65316287103A4001AF462 /* PBXContainerItemProxy */;
		};
/* End PBXTargetDependency section */

/* Begin PBXVariantGroup section */
		D43965D5286C999A00727E6A /* RVS_UIKit_Toolbox_TestHarness_Main.storyboard */ = {
			isa = PBXVariantGroup;
			children = (
				D43965D6286C999A00727E6A /* Base */,
			);
			name = RVS_UIKit_Toolbox_TestHarness_Main.storyboard;
			sourceTree = "<group>";
		};
		D43965DA286C999B00727E6A /* LaunchScreen.storyboard */ = {
			isa = PBXVariantGroup;
			children = (
				D43965DB286C999B00727E6A /* Base */,
			);
			name = LaunchScreen.storyboard;
			sourceTree = "<group>";
		};
		D43965EE286CA15100727E6A /* Localizable.strings */ = {
			isa = PBXVariantGroup;
			children = (
				D43965EF286CA15100727E6A /* Base */,
			);
			name = Localizable.strings;
			sourceTree = "<group>";
		};
/* End PBXVariantGroup section */

/* Begin XCBuildConfiguration section */
		D43965C1286C992100727E6A /* Debug */ = {
			isa = XCBuildConfiguration;
			baseConfigurationReference = D43965EA286C9C6300727E6A /* Warnings.xcconfig */;
			buildSettings = {
				ALWAYS_SEARCH_USER_PATHS = NO;
				CLANG_ANALYZER_NONNULL = YES;
				CLANG_ANALYZER_NUMBER_OBJECT_CONVERSION = YES_AGGRESSIVE;
				CLANG_CXX_LANGUAGE_STANDARD = "gnu++17";
				CLANG_ENABLE_MODULES = YES;
				CLANG_ENABLE_OBJC_ARC = YES;
				CLANG_ENABLE_OBJC_WEAK = YES;
				CLANG_WARN_BLOCK_CAPTURE_AUTORELEASING = YES;
				CLANG_WARN_BOOL_CONVERSION = YES;
				CLANG_WARN_COMMA = YES;
				CLANG_WARN_CONSTANT_CONVERSION = YES;
				CLANG_WARN_DEPRECATED_OBJC_IMPLEMENTATIONS = YES;
				CLANG_WARN_DIRECT_OBJC_ISA_USAGE = YES_ERROR;
				CLANG_WARN_DOCUMENTATION_COMMENTS = YES;
				CLANG_WARN_EMPTY_BODY = YES;
				CLANG_WARN_ENUM_CONVERSION = YES;
				CLANG_WARN_INFINITE_RECURSION = YES;
				CLANG_WARN_INT_CONVERSION = YES;
				CLANG_WARN_NON_LITERAL_NULL_CONVERSION = YES;
				CLANG_WARN_OBJC_IMPLICIT_RETAIN_SELF = YES;
				CLANG_WARN_OBJC_LITERAL_CONVERSION = YES;
				CLANG_WARN_OBJC_ROOT_CLASS = YES_ERROR;
				CLANG_WARN_QUOTED_INCLUDE_IN_FRAMEWORK_HEADER = YES;
				CLANG_WARN_RANGE_LOOP_ANALYSIS = YES;
				CLANG_WARN_STRICT_PROTOTYPES = YES;
				CLANG_WARN_SUSPICIOUS_MOVE = YES;
				CLANG_WARN_UNGUARDED_AVAILABILITY = YES_AGGRESSIVE;
				CLANG_WARN_UNREACHABLE_CODE = YES;
				CLANG_WARN__DUPLICATE_METHOD_MATCH = YES;
				COPY_PHASE_STRIP = NO;
				DEBUG_INFORMATION_FORMAT = dwarf;
				ENABLE_STRICT_OBJC_MSGSEND = YES;
				ENABLE_TESTABILITY = YES;
				GCC_C_LANGUAGE_STANDARD = gnu11;
				GCC_DYNAMIC_NO_PIC = NO;
				GCC_NO_COMMON_BLOCKS = YES;
				GCC_OPTIMIZATION_LEVEL = 0;
				GCC_PREPROCESSOR_DEFINITIONS = (
					"DEBUG=1",
					"$(inherited)",
				);
				GCC_WARN_64_TO_32_BIT_CONVERSION = YES;
				GCC_WARN_ABOUT_RETURN_TYPE = YES_ERROR;
				GCC_WARN_UNDECLARED_SELECTOR = YES;
				GCC_WARN_UNINITIALIZED_AUTOS = YES_AGGRESSIVE;
				GCC_WARN_UNUSED_FUNCTION = YES;
				GCC_WARN_UNUSED_VARIABLE = YES;
				IPHONEOS_DEPLOYMENT_TARGET = 14.0;
				MTL_ENABLE_DEBUG_INFO = INCLUDE_SOURCE;
				MTL_FAST_MATH = YES;
				ONLY_ACTIVE_ARCH = YES;
				SDKROOT = iphoneos;
				SWIFT_ACTIVE_COMPILATION_CONDITIONS = DEBUG;
				SWIFT_OPTIMIZATION_LEVEL = "-Onone";
			};
			name = Debug;
		};
		D43965C2286C992100727E6A /* Release */ = {
			isa = XCBuildConfiguration;
			baseConfigurationReference = D43965EA286C9C6300727E6A /* Warnings.xcconfig */;
			buildSettings = {
				ALWAYS_SEARCH_USER_PATHS = NO;
				CLANG_ANALYZER_NONNULL = YES;
				CLANG_ANALYZER_NUMBER_OBJECT_CONVERSION = YES_AGGRESSIVE;
				CLANG_CXX_LANGUAGE_STANDARD = "gnu++17";
				CLANG_ENABLE_MODULES = YES;
				CLANG_ENABLE_OBJC_ARC = YES;
				CLANG_ENABLE_OBJC_WEAK = YES;
				CLANG_WARN_BLOCK_CAPTURE_AUTORELEASING = YES;
				CLANG_WARN_BOOL_CONVERSION = YES;
				CLANG_WARN_COMMA = YES;
				CLANG_WARN_CONSTANT_CONVERSION = YES;
				CLANG_WARN_DEPRECATED_OBJC_IMPLEMENTATIONS = YES;
				CLANG_WARN_DIRECT_OBJC_ISA_USAGE = YES_ERROR;
				CLANG_WARN_DOCUMENTATION_COMMENTS = YES;
				CLANG_WARN_EMPTY_BODY = YES;
				CLANG_WARN_ENUM_CONVERSION = YES;
				CLANG_WARN_INFINITE_RECURSION = YES;
				CLANG_WARN_INT_CONVERSION = YES;
				CLANG_WARN_NON_LITERAL_NULL_CONVERSION = YES;
				CLANG_WARN_OBJC_IMPLICIT_RETAIN_SELF = YES;
				CLANG_WARN_OBJC_LITERAL_CONVERSION = YES;
				CLANG_WARN_OBJC_ROOT_CLASS = YES_ERROR;
				CLANG_WARN_QUOTED_INCLUDE_IN_FRAMEWORK_HEADER = YES;
				CLANG_WARN_RANGE_LOOP_ANALYSIS = YES;
				CLANG_WARN_STRICT_PROTOTYPES = YES;
				CLANG_WARN_SUSPICIOUS_MOVE = YES;
				CLANG_WARN_UNGUARDED_AVAILABILITY = YES_AGGRESSIVE;
				CLANG_WARN_UNREACHABLE_CODE = YES;
				CLANG_WARN__DUPLICATE_METHOD_MATCH = YES;
				COPY_PHASE_STRIP = NO;
				DEBUG_INFORMATION_FORMAT = "dwarf-with-dsym";
				ENABLE_NS_ASSERTIONS = NO;
				ENABLE_STRICT_OBJC_MSGSEND = YES;
				GCC_C_LANGUAGE_STANDARD = gnu11;
				GCC_NO_COMMON_BLOCKS = YES;
				GCC_WARN_64_TO_32_BIT_CONVERSION = YES;
				GCC_WARN_ABOUT_RETURN_TYPE = YES_ERROR;
				GCC_WARN_UNDECLARED_SELECTOR = YES;
				GCC_WARN_UNINITIALIZED_AUTOS = YES_AGGRESSIVE;
				GCC_WARN_UNUSED_FUNCTION = YES;
				GCC_WARN_UNUSED_VARIABLE = YES;
				IPHONEOS_DEPLOYMENT_TARGET = 14.0;
				MTL_ENABLE_DEBUG_INFO = NO;
				MTL_FAST_MATH = YES;
				SDKROOT = iphoneos;
				SWIFT_COMPILATION_MODE = wholemodule;
				SWIFT_OPTIMIZATION_LEVEL = "-O";
				VALIDATE_PRODUCT = YES;
			};
			name = Release;
		};
		D43965C4286C992100727E6A /* Debug */ = {
			isa = XCBuildConfiguration;
			buildSettings = {
				CODE_SIGN_STYLE = Automatic;
				DEVELOPMENT_TEAM = KSAUGZFWP2;
				OTHER_LDFLAGS = "-ObjC";
				PRODUCT_NAME = "$(TARGET_NAME)";
				SKIP_INSTALL = YES;
				SWIFT_VERSION = 5.0;
				TARGETED_DEVICE_FAMILY = "1,2";
			};
			name = Debug;
		};
		D43965C5286C992100727E6A /* Release */ = {
			isa = XCBuildConfiguration;
			buildSettings = {
				CODE_SIGN_STYLE = Automatic;
				DEVELOPMENT_TEAM = KSAUGZFWP2;
				OTHER_LDFLAGS = "-ObjC";
				PRODUCT_NAME = "$(TARGET_NAME)";
				SKIP_INSTALL = YES;
				SWIFT_VERSION = 5.0;
				TARGETED_DEVICE_FAMILY = "1,2";
			};
			name = Release;
		};
		D43965DF286C999B00727E6A /* Debug */ = {
			isa = XCBuildConfiguration;
			buildSettings = {
				ASSETCATALOG_COMPILER_APPICON_NAME = AppIcon;
				ASSETCATALOG_COMPILER_GLOBAL_ACCENT_COLOR_NAME = AccentColor;
				CODE_SIGN_ENTITLEMENTS = Tests/RVS_UIKit_Toolbox_TestHarness/Meta/RVS_UIKit_Toolbox_TestHarness.entitlements;
				CODE_SIGN_STYLE = Automatic;
				CURRENT_PROJECT_VERSION = 0000;
				DEVELOPMENT_TEAM = KSAUGZFWP2;
				GENERATE_INFOPLIST_FILE = YES;
				INFOPLIST_FILE = Tests/RVS_UIKit_Toolbox_TestHarness/Meta/Info.plist;
				INFOPLIST_KEY_LSApplicationCategoryType = "public.app-category.developer-tools";
				INFOPLIST_KEY_UIApplicationSupportsIndirectInputEvents = YES;
				INFOPLIST_KEY_UILaunchStoryboardName = LaunchScreen;
				INFOPLIST_KEY_UIMainStoryboardFile = RVS_UIKit_Toolbox_TestHarness_Main;
				INFOPLIST_KEY_UISupportedInterfaceOrientations_iPad = "UIInterfaceOrientationPortrait UIInterfaceOrientationPortraitUpsideDown UIInterfaceOrientationLandscapeLeft UIInterfaceOrientationLandscapeRight";
				INFOPLIST_KEY_UISupportedInterfaceOrientations_iPhone = "UIInterfaceOrientationPortrait UIInterfaceOrientationLandscapeLeft UIInterfaceOrientationLandscapeRight";
				IPHONEOS_DEPLOYMENT_TARGET = 14.0;
				LD_RUNPATH_SEARCH_PATHS = (
					"$(inherited)",
					"@executable_path/Frameworks",
				);
				MARKETING_VERSION = 1.0.1;
				PRODUCT_BUNDLE_IDENTIFIER = "com.riftvalleysoftware.RVS-UIKit-Toolbox-TestHarness";
				PRODUCT_NAME = "$(TARGET_NAME)";
				SUPPORTS_MACCATALYST = YES;
				SWIFT_EMIT_LOC_STRINGS = YES;
				SWIFT_VERSION = 5.0;
				TARGETED_DEVICE_FAMILY = "1,2";
			};
			name = Debug;
		};
		D43965E0286C999B00727E6A /* Release */ = {
			isa = XCBuildConfiguration;
			buildSettings = {
				ASSETCATALOG_COMPILER_APPICON_NAME = AppIcon;
				ASSETCATALOG_COMPILER_GLOBAL_ACCENT_COLOR_NAME = AccentColor;
				CODE_SIGN_ENTITLEMENTS = Tests/RVS_UIKit_Toolbox_TestHarness/Meta/RVS_UIKit_Toolbox_TestHarness.entitlements;
				CODE_SIGN_STYLE = Automatic;
				CURRENT_PROJECT_VERSION = 0000;
				DEVELOPMENT_TEAM = KSAUGZFWP2;
				GENERATE_INFOPLIST_FILE = YES;
				INFOPLIST_FILE = Tests/RVS_UIKit_Toolbox_TestHarness/Meta/Info.plist;
				INFOPLIST_KEY_LSApplicationCategoryType = "public.app-category.developer-tools";
				INFOPLIST_KEY_UIApplicationSupportsIndirectInputEvents = YES;
				INFOPLIST_KEY_UILaunchStoryboardName = LaunchScreen;
				INFOPLIST_KEY_UIMainStoryboardFile = RVS_UIKit_Toolbox_TestHarness_Main;
				INFOPLIST_KEY_UISupportedInterfaceOrientations_iPad = "UIInterfaceOrientationPortrait UIInterfaceOrientationPortraitUpsideDown UIInterfaceOrientationLandscapeLeft UIInterfaceOrientationLandscapeRight";
				INFOPLIST_KEY_UISupportedInterfaceOrientations_iPhone = "UIInterfaceOrientationPortrait UIInterfaceOrientationLandscapeLeft UIInterfaceOrientationLandscapeRight";
				IPHONEOS_DEPLOYMENT_TARGET = 14.0;
				LD_RUNPATH_SEARCH_PATHS = (
					"$(inherited)",
					"@executable_path/Frameworks",
				);
				MARKETING_VERSION = 1.0.1;
				PRODUCT_BUNDLE_IDENTIFIER = "com.riftvalleysoftware.RVS-UIKit-Toolbox-TestHarness";
				PRODUCT_NAME = "$(TARGET_NAME)";
				SUPPORTS_MACCATALYST = YES;
				SWIFT_EMIT_LOC_STRINGS = YES;
				SWIFT_VERSION = 5.0;
				TARGETED_DEVICE_FAMILY = "1,2";
			};
			name = Release;
		};
/* End XCBuildConfiguration section */

/* Begin XCConfigurationList section */
		D43965B7286C992100727E6A /* Build configuration list for PBXProject "RVS_UIKit_Toolbox" */ = {
			isa = XCConfigurationList;
			buildConfigurations = (
				D43965C1286C992100727E6A /* Debug */,
				D43965C2286C992100727E6A /* Release */,
			);
			defaultConfigurationIsVisible = 0;
			defaultConfigurationName = Release;
		};
		D43965C3286C992100727E6A /* Build configuration list for PBXNativeTarget "RVS_UIKit_Toolbox" */ = {
			isa = XCConfigurationList;
			buildConfigurations = (
				D43965C4286C992100727E6A /* Debug */,
				D43965C5286C992100727E6A /* Release */,
			);
			defaultConfigurationIsVisible = 0;
			defaultConfigurationName = Release;
		};
		D43965DE286C999B00727E6A /* Build configuration list for PBXNativeTarget "RVS_UIKit_Toolbox_TestHarness" */ = {
			isa = XCConfigurationList;
			buildConfigurations = (
				D43965DF286C999B00727E6A /* Debug */,
				D43965E0286C999B00727E6A /* Release */,
			);
			defaultConfigurationIsVisible = 0;
			defaultConfigurationName = Release;
		};
/* End XCConfigurationList section */

/* Begin XCRemoteSwiftPackageReference section */
		D43539FF28707D680098949F /* XCRemoteSwiftPackageReference "RVS_Generic_Swift_Toolbox" */ = {
			isa = XCRemoteSwiftPackageReference;
			repositoryURL = "https://github.com/RiftValleySoftware/RVS_Generic_Swift_Toolbox";
			requirement = {
				kind = upToNextMajorVersion;
				minimumVersion = 1.8.1;
			};
		};
/* End XCRemoteSwiftPackageReference section */

/* Begin XCSwiftPackageProductDependency section */
		D4353A0028707D680098949F /* RVS_Generic_Swift_Toolbox */ = {
			isa = XCSwiftPackageProductDependency;
			package = D43539FF28707D680098949F /* XCRemoteSwiftPackageReference "RVS_Generic_Swift_Toolbox" */;
			productName = RVS_Generic_Swift_Toolbox;
		};
/* End XCSwiftPackageProductDependency section */
	};
	rootObject = D43965B4286C992100727E6A /* Project object */;
}
